# generated by rye
# use `rye lock` or `rye sync` to update this lockfile
#
# last locked with the following flags:
#   pre: false
#   features: []
#   all-features: false
#   with-sources: false

-e file:.
colorcorrect==0.9.1
    # via color-constancy-test
contourpy==1.2.1
    # via matplotlib
cycler==0.12.1
    # via matplotlib
fonttools==4.53.0
    # via matplotlib
kiwisolver==1.4.5
    # via matplotlib
matplotlib==3.9.0
    # via color-constancy-test
numpy==1.26.4
    # via colorcorrect
    # via contourpy
    # via matplotlib
    # via opencv-python
opencv-python==4.9.0.80
    # via color-constancy-test
packaging==24.0
    # via matplotlib
pillow==10.3.0
    # via color-constancy-test
    # via colorcorrect
    # via matplotlib
pyparsing==3.1.2
    # via matplotlib
python-dateutil==2.9.0.post0
    # via matplotlib
six==1.16.0
    # via colorcorrect
    # via python-dateutil
